{
    "name": "@apirtc/shared-types",
    "version": "0.1.0",
    "lockfileVersion": 3,
    "requires": true,
    "packages": {
        "": {
            "name": "@apirtc/shared-types",
            "version": "0.1.0",
            "peerDependencies": {
                "@apirtc/apirtc": "^5.0.17"
            }
        },
        "node_modules/@apirtc/apirtc": {
            "version": "5.0.17",
            "resolved": "https://registry.npmjs.org/@apirtc/apirtc/-/apirtc-5.0.17.tgz",
            "integrity": "sha512-2ZtmZVQVzDjUiZxqF5GEgGf1AgVCJQGLGqJrkH+vXoEL5MswPJFVzYfvaORQEoE1MhpdXSuy9FU6x+hMxLq5+w==",
            "peer": true
        }
    }
}
