{
    "name": "@apirtc/shared-types",
    "version": "0.1.0",
    "lockfileVersion": 3,
    "requires": true,
    "packages": {
        "": {
            "name": "@apirtc/shared-types",
            "version": "0.1.0",
            "peerDependencies": {
                "@apirtc/apirtc": "^5.0.20"
            }
        },
        "node_modules/@apirtc/apirtc": {
            "version": "5.0.21",
            "resolved": "https://registry.npmjs.org/@apirtc/apirtc/-/apirtc-5.0.21.tgz",
            "integrity": "sha512-hzmNz8VOYS5Wd834kVar1rAyeYJ4pfbfzfqkUapFwJpdBgzWsLEbLzr0gGBOB2lhluNNASVvs/HZt7MHPZCcKA==",
            "license": "ICS",
            "peer": true
        }
    }
}
